// !$*UTF8*$!
{
	archiveVersion = 1;
	classes = {
	};
	objectVersion = 71;
	objects = {

/* Begin PBXBuildFile section */
		B00000000000000000000010 /* BudgetAPI in Frameworks */ = {isa = PBXBuildFile; productRef = B00000000000000000000016 /* BudgetAPI */; };
/* End PBXBuildFile section */

/* Begin PBXFileReference section */
		B00000000000000000000005 /* Budget.app */ = {isa = PBXFileReference; explicitFileType = wrapper.application; includeInIndex = 0; path = Budget.app; sourceTree = BUILT_PRODUCTS_DIR; };
		B00000000000000000000020 /* BudgetAppTests.xctest */ = {isa = PBXFileReference; explicitFileType = wrapper.cfbundle; includeInIndex = 0; path = BudgetAppTests.xctest; sourceTree = BUILT_PRODUCTS_DIR; };
/* End PBXFileReference section */

/* Begin PBXFileSystemSynchronizedRootGroup section */
		B00000000000000000000001 /* BudgetApp */ = {isa = PBXFileSystemSynchronizedRootGroup; explicitFileTypes = {}; explicitFolders = (); path = BudgetApp; sourceTree = "<group>"; };
		B00000000000000000000021 /* BudgetAppTests */ = {isa = PBXFileSystemSynchronizedRootGroup; explicitFileTypes = {}; explicitFolders = (); path = BudgetAppTests; sourceTree = "<group>"; };
/* End PBXFileSystemSynchronizedRootGroup section */

/* Begin PBXFrameworksBuildPhase section */
		B00000000000000000000002 /* Frameworks */ = {
			isa = PBXFrameworksBuildPhase;
			buildActionMask = 2147483647;
			files = (
				B00000000000000000000010 /* BudgetAPI in Frameworks */,
			);
			runOnlyForDeploymentPostprocessing = 0;
		};
		B00000000000000000000025 /* Frameworks */ = {
			isa = PBXFrameworksBuildPhase;
			buildActionMask = 2147483647;
			files = (
			);
			runOnlyForDeploymentPostprocessing = 0;
		};
/* End PBXFrameworksBuildPhase section */

/* Begin PBXGroup section */
		B00000000000000000000003 = {
			isa = PBXGroup;
			children = (
				B00000000000000000000001 /* BudgetApp */,
				B00000000000000000000021 /* BudgetAppTests */,
				B00000000000000000000004 /* Products */,
			);
			sourceTree = "<group>";
		};
		B00000000000000000000004 /* Products */ = {
			isa = PBXGroup;
			children = (
				B00000000000000000000005 /* Budget.app */,
				B00000000000000000000020 /* BudgetAppTests.xctest */,
			);
			name = Products;
			sourceTree = "<group>";
		};
/* End PBXGroup section */

/* Begin PBXNativeTarget section */
		B00000000000000000000006 /* Budget */ = {
			isa = PBXNativeTarget;
			buildConfigurationList = B00000000000000000000007 /* Build configuration list for PBXNativeTarget "Budget" */;
			buildPhases = (
				B00000000000000000000008 /* Sources */,
				B00000000000000000000002 /* Frameworks */,
				B00000000000000000000009 /* Resources */,
			);
			buildRules = (
			);
			dependencies = (
			);
			fileSystemSynchronizedGroups = (
				B00000000000000000000001 /* BudgetApp */,
			);
			name = Budget;
			packageProductDependencies = (
				B00000000000000000000016 /* BudgetAPI */,
			);
			productName = Budget;
			productReference = B00000000000000000000005 /* Budget.app */;
			productType = "com.apple.product-type.application";
		};
		B00000000000000000000022 /* BudgetAppTests */ = {
			isa = PBXNativeTarget;
			buildConfigurationList = B00000000000000000000023 /* Build configuration list for PBXNativeTarget "BudgetAppTests" */;
			buildPhases = (
				B00000000000000000000024 /* Sources */,
				B00000000000000000000025 /* Frameworks */,
				B00000000000000000000026 /* Resources */,
			);
			buildRules = (
			);
			dependencies = (
				B00000000000000000000027 /* PBXTargetDependency */,
			);
			fileSystemSynchronizedGroups = (
				B00000000000000000000021 /* BudgetAppTests */,
			);
			name = BudgetAppTests;
			productName = BudgetAppTests;
			productReference = B00000000000000000000020 /* BudgetAppTests.xctest */;
			productType = "com.apple.product-type.bundle.unit-test";
		};
/* End PBXNativeTarget section */

/* Begin PBXTargetDependency section */
		B00000000000000000000027 /* PBXTargetDependency */ = {
			isa = PBXTargetDependency;
			target = B00000000000000000000006 /* Budget */;
			targetProxy = B00000000000000000000028 /* PBXContainerItemProxy */;
		};
/* End PBXTargetDependency section */

/* Begin PBXContainerItemProxy section */
		B00000000000000000000028 /* PBXContainerItemProxy */ = {
			isa = PBXContainerItemProxy;
			containerPortal = B0000000000000000000000A /* Project object */;
			proxyType = 1;
			remoteGlobalIDString = B00000000000000000000006;
			remoteInfo = Budget;
		};
/* End PBXContainerItemProxy section */

/* Begin PBXProject section */
		B0000000000000000000000A /* Project object */ = {
			isa = PBXProject;
			attributes = {
				BuildIndependentTargetsInParallel = 1;
				LastSwiftUpdateCheck = 1600;
				LastUpgradeCheck = 1600;
				TargetAttributes = {
					B00000000000000000000006 = {
						CreatedOnToolsVersion = 16.0;
					};
					B00000000000000000000022 = {
						CreatedOnToolsVersion = 16.0;
						TestTargetID = B00000000000000000000006;
					};
				};
			};
			buildConfigurationList = B0000000000000000000000B /* Build configuration list for PBXProject "Budget" */;
			compatibilityVersion = "Xcode 16.0";
			developmentRegion = en;
			hasScannedForEncodings = 0;
			knownRegions = (
				en,
				Base,
			);
			mainGroup = B00000000000000000000003;
			minimizedProjectReferenceProxies = 1;
			packageReferences = (
				B00000000000000000000013 /* XCLocalSwiftPackageReference "BudgetAPI" */,
			);
			productRefGroup = B00000000000000000000004 /* Products */;
			projectDirPath = "";
			projectRoot = "";
			targets = (
				B00000000000000000000006 /* Budget */,
				B00000000000000000000022 /* BudgetAppTests */,
			);
		};
/* End PBXProject section */

/* Begin PBXResourcesBuildPhase section */
		B00000000000000000000009 /* Resources */ = {
			isa = PBXResourcesBuildPhase;
			buildActionMask = 2147483647;
			files = (
			);
			runOnlyForDeploymentPostprocessing = 0;
		};
		B00000000000000000000026 /* Resources */ = {
			isa = PBXResourcesBuildPhase;
			buildActionMask = 2147483647;
			files = (
			);
			runOnlyForDeploymentPostprocessing = 0;
		};
/* End PBXResourcesBuildPhase section */

/* Begin PBXSourcesBuildPhase section */
		B00000000000000000000008 /* Sources */ = {
			isa = PBXSourcesBuildPhase;
			buildActionMask = 2147483647;
			files = (
			);
			runOnlyForDeploymentPostprocessing = 0;
		};
		B00000000000000000000024 /* Sources */ = {
			isa = PBXSourcesBuildPhase;
			buildActionMask = 2147483647;
			files = (
			);
			runOnlyForDeploymentPostprocessing = 0;
		};
/* End PBXSourcesBuildPhase section */

/* Begin XCBuildConfiguration section */
		B0000000000000000000000C /* Debug */ = {
			isa = XCBuildConfiguration;
			buildSettings = {
				ALWAYS_SEARCH_USER_PATHS = NO;
				CLANG_ENABLE_MODULES = YES;
				COPY_PHASE_STRIP = NO;
				DEBUG_INFORMATION_FORMAT = dwarf;
				ENABLE_TESTABILITY = YES;
				GCC_C_LANGUAGE_STANDARD = gnu17;
				IPHONEOS_DEPLOYMENT_TARGET = 18.0;
				ONLY_ACTIVE_ARCH = YES;
				SDKROOT = iphoneos;
				SWIFT_ACTIVE_COMPILATION_CONDITIONS = "DEBUG $(inherited)";
				SWIFT_OPTIMIZATION_LEVEL = "-Onone";
			};
			name = Debug;
		};
		B0000000000000000000000D /* Release */ = {
			isa = XCBuildConfiguration;
			buildSettings = {
				ALWAYS_SEARCH_USER_PATHS = NO;
				CLANG_ENABLE_MODULES = YES;
				DEBUG_INFORMATION_FORMAT = "dwarf-with-dsym";
				GCC_C_LANGUAGE_STANDARD = gnu17;
				IPHONEOS_DEPLOYMENT_TARGET = 18.0;
				SDKROOT = iphoneos;
				SWIFT_COMPILATION_MODE = wholemodule;
			};
			name = Release;
		};
		B0000000000000000000000E /* Debug */ = {
			isa = XCBuildConfiguration;
			buildSettings = {
				ASSETCATALOG_COMPILER_APPICON_NAME = AppIcon;
				CODE_SIGN_STYLE = Automatic;
				CURRENT_PROJECT_VERSION = 1;
				GENERATE_INFOPLIST_FILE = YES;
				INFOPLIST_KEY_NSAppTransportSecurity_NSAllowsLocalNetworking = YES;
				INFOPLIST_KEY_UIApplicationSceneManifest_Generation = YES;
				MARKETING_VERSION = 0.1.0;
				PRODUCT_BUNDLE_IDENTIFIER = dev.budgetapp.Budget;
				PRODUCT_NAME = "$(TARGET_NAME)";
				SWIFT_EMIT_LOC_STRINGS = YES;
				SWIFT_STRICT_CONCURRENCY = complete;
				SWIFT_VERSION = 6.0;
				TARGETED_DEVICE_FAMILY = "1,2";
			};
			name = Debug;
		};
		B0000000000000000000000F /* Release */ = {
			isa = XCBuildConfiguration;
			buildSettings = {
				ASSETCATALOG_COMPILER_APPICON_NAME = AppIcon;
				CODE_SIGN_STYLE = Automatic;
				CURRENT_PROJECT_VERSION = 1;
				GENERATE_INFOPLIST_FILE = YES;
				INFOPLIST_KEY_NSAppTransportSecurity_NSAllowsLocalNetworking = YES;
				INFOPLIST_KEY_UIApplicationSceneManifest_Generation = YES;
				MARKETING_VERSION = 0.1.0;
				PRODUCT_BUNDLE_IDENTIFIER = dev.budgetapp.Budget;
				PRODUCT_NAME = "$(TARGET_NAME)";
				SWIFT_EMIT_LOC_STRINGS = YES;
				SWIFT_STRICT_CONCURRENCY = complete;
				SWIFT_VERSION = 6.0;
				TARGETED_DEVICE_FAMILY = "1,2";
			};
			name = Release;
		};
		B00000000000000000000029 /* Debug */ = {
			isa = XCBuildConfiguration;
			buildSettings = {
				BUNDLE_LOADER = "$(TEST_HOST)";
				CODE_SIGN_STYLE = Automatic;
				CURRENT_PROJECT_VERSION = 1;
				GENERATE_INFOPLIST_FILE = YES;
				MARKETING_VERSION = 0.1.0;
				PRODUCT_BUNDLE_IDENTIFIER = dev.budgetapp.BudgetAppTests;
				PRODUCT_NAME = "$(TARGET_NAME)";
				SWIFT_STRICT_CONCURRENCY = complete;
				SWIFT_VERSION = 6.0;
				TARGETED_DEVICE_FAMILY = "1,2";
				TEST_HOST = "$(BUILT_PRODUCTS_DIR)/Budget.app/$(BUNDLE_EXECUTABLE_FOLDER_PATH)/Budget";
			};
			name = Debug;
		};
		B0000000000000000000002A /* Release */ = {
			isa = XCBuildConfiguration;
			buildSettings = {
				BUNDLE_LOADER = "$(TEST_HOST)";
				CODE_SIGN_STYLE = Automatic;
				CURRENT_PROJECT_VERSION = 1;
				GENERATE_INFOPLIST_FILE = YES;
				MARKETING_VERSION = 0.1.0;
				PRODUCT_BUNDLE_IDENTIFIER = dev.budgetapp.BudgetAppTests;
				PRODUCT_NAME = "$(TARGET_NAME)";
				SWIFT_STRICT_CONCURRENCY = complete;
				SWIFT_VERSION = 6.0;
				TARGETED_DEVICE_FAMILY = "1,2";
				TEST_HOST = "$(BUILT_PRODUCTS_DIR)/Budget.app/$(BUNDLE_EXECUTABLE_FOLDER_PATH)/Budget";
			};
			name = Release;
		};
/* End XCBuildConfiguration section */

/* Begin XCConfigurationList section */
		B00000000000000000000007 /* Build configuration list for PBXNativeTarget "Budget" */ = {
			isa = XCConfigurationList;
			buildConfigurations = (
				B0000000000000000000000E /* Debug */,
				B0000000000000000000000F /* Release */,
			);
			defaultConfigurationIsVisible = 0;
			defaultConfigurationName = Release;
		};
		B0000000000000000000000B /* Build configuration list for PBXProject "Budget" */ = {
			isa = XCConfigurationList;
			buildConfigurations = (
				B0000000000000000000000C /* Debug */,
				B0000000000000000000000D /* Release */,
			);
			defaultConfigurationIsVisible = 0;
			defaultConfigurationName = Release;
		};
		B00000000000000000000023 /* Build configuration list for PBXNativeTarget "BudgetAppTests" */ = {
			isa = XCConfigurationList;
			buildConfigurations = (
				B00000000000000000000029 /* Debug */,
				B0000000000000000000002A /* Release */,
			);
			defaultConfigurationIsVisible = 0;
			defaultConfigurationName = Release;
		};
/* End XCConfigurationList section */

/* Begin XCLocalSwiftPackageReference section */
		B00000000000000000000013 /* XCLocalSwiftPackageReference "BudgetAPI" */ = {
			isa = XCLocalSwiftPackageReference;
			relativePath = BudgetAPI;
		};
/* End XCLocalSwiftPackageReference section */

/* Begin XCSwiftPackageProductDependency section */
		B00000000000000000000016 /* BudgetAPI */ = {
			isa = XCSwiftPackageProductDependency;
			package = B00000000000000000000013 /* XCLocalSwiftPackageReference "BudgetAPI" */;
			productName = BudgetAPI;
		};
/* End XCSwiftPackageProductDependency section */
	};
	rootObject = B0000000000000000000000A /* Project object */;
}
